
Microsoft Visual Studio Solution File, Format Version 12.00
# Visual Studio Version 16
VisualStudioVersion = 16.0.32802.440
MinimumVisualStudioVersion = 10.0.40219.1
Project("{9A19103F-16F7-4668-BE54-9A1E7A4F7556}") = "Entities", "Entities\Entities.csproj", "{0A079728-237C-43F2-9348-61027EA5ECA6}"
EndProject
Project("{9A19103F-16F7-4668-BE54-9A1E7A4F7556}") = "Business", "Business\Business.csproj", "{082FEC68-FCA0-40CB-94B7-3E10797F7145}"
EndProject
Project("{9A19103F-16F7-4668-BE54-9A1E7A4F7556}") = "DataAccess", "DataAccess\DataAccess.csproj", "{0B316E1C-7440-4B85-80C3-73D9FF1B7D51}"
EndProject
Project("{FAE04EC0-301F-11D3-BF4B-00C04F79EFBC}") = "ConsoleUI", "ConsoleUI\ConsoleUI.csproj", "{89E37986-30C9-4A9F-AF5E-06F37AF5600F}"
EndProject
Global
	GlobalSection(SolutionConfigurationPlatforms) = preSolution
		Debug|Any CPU = Debug|Any CPU
		Release|Any CPU = Release|Any CPU
	EndGlobalSection
	GlobalSection(ProjectConfigurationPlatforms) = postSolution
		{0A079728-237C-43F2-9348-61027EA5ECA6}.Debug|Any CPU.ActiveCfg = Debug|Any CPU
		{0A079728-237C-43F2-9348-61027EA5ECA6}.Debug|Any CPU.Build.0 = Debug|Any CPU
		{0A079728-237C-43F2-9348-61027EA5ECA6}.Release|Any CPU.ActiveCfg = Release|Any CPU
		{0A079728-237C-43F2-9348-61027EA5ECA6}.Release|Any CPU.Build.0 = Release|Any CPU
		{082FEC68-FCA0-40CB-94B7-3E10797F7145}.Debug|Any CPU.ActiveCfg = Debug|Any CPU
		{082FEC68-FCA0-40CB-94B7-3E10797F7145}.Debug|Any CPU.Build.0 = Debug|Any CPU
		{082FEC68-FCA0-40CB-94B7-3E10797F7145}.Release|Any CPU.ActiveCfg = Release|Any CPU
		{082FEC68-FCA0-40CB-94B7-3E10797F7145}.Release|Any CPU.Build.0 = Release|Any CPU
		{0B316E1C-7440-4B85-80C3-73D9FF1B7D51}.Debug|Any CPU.ActiveCfg = Debug|Any CPU
		{0B316E1C-7440-4B85-80C3-73D9FF1B7D51}.Debug|Any CPU.Build.0 = Debug|Any CPU
		{0B316E1C-7440-4B85-80C3-73D9FF1B7D51}.Release|Any CPU.ActiveCfg = Release|Any CPU
		{0B316E1C-7440-4B85-80C3-73D9FF1B7D51}.Release|Any CPU.Build.0 = Release|Any CPU
		{89E37986-30C9-4A9F-AF5E-06F37AF5600F}.Debug|Any CPU.ActiveCfg = Debug|Any CPU
		{89E37986-30C9-4A9F-AF5E-06F37AF5600F}.Debug|Any CPU.Build.0 = Debug|Any CPU
		{89E37986-30C9-4A9F-AF5E-06F37AF5600F}.Release|Any CPU.ActiveCfg = Release|Any CPU
		{89E37986-30C9-4A9F-AF5E-06F37AF5600F}.Release|Any CPU.Build.0 = Release|Any CPU
	EndGlobalSection
	GlobalSection(SolutionProperties) = preSolution
		HideSolutionNode = FALSE
	EndGlobalSection
	GlobalSection(ExtensibilityGlobals) = postSolution
		SolutionGuid = {E1ABEAA4-E709-4BB7-9C1C-CD2AECFEC483}
	EndGlobalSection
EndGlobal
